
Microsoft Visual Studio Solution File, Format Version 12.00
# Visual Studio 15
Project("{FAE04EC0-301F-11D3-BF4B-00C04F79EFBC}") = "Assembly-CSharp", "Assembly-CSharp.csproj", "{47D56FF0-C167-7707-7693-F9ADB5F095E1}"
EndProject
Project("{FAE04EC0-301F-11D3-BF4B-00C04F79EFBC}") = "Assembly-CSharp-Editor", "Assembly-CSharp-Editor.csproj", "{400324F7-2047-C00E-8A6C-1EF049463CDE}"
EndProject
Global
	GlobalSection(SolutionConfigurationPlatforms) = preSolution
		Debug|Any CPU = Debug|Any CPU
		Release|Any CPU = Release|Any CPU
	EndGlobalSection
	GlobalSection(ProjectConfigurationPlatforms) = postSolution
		{47D56FF0-C167-7707-7693-F9ADB5F095E1}.Debug|Any CPU.ActiveCfg = Debug|Any CPU
		{47D56FF0-C167-7707-7693-F9ADB5F095E1}.Debug|Any CPU.Build.0 = Debug|Any CPU
		{47D56FF0-C167-7707-7693-F9ADB5F095E1}.Release|Any CPU.ActiveCfg = Release|Any CPU
		{47D56FF0-C167-7707-7693-F9ADB5F095E1}.Release|Any CPU.Build.0 = Release|Any CPU
		{400324F7-2047-C00E-8A6C-1EF049463CDE}.Debug|Any CPU.ActiveCfg = Debug|Any CPU
		{400324F7-2047-C00E-8A6C-1EF049463CDE}.Debug|Any CPU.Build.0 = Debug|Any CPU
		{400324F7-2047-C00E-8A6C-1EF049463CDE}.Release|Any CPU.ActiveCfg = Release|Any CPU
		{400324F7-2047-C00E-8A6C-1EF049463CDE}.Release|Any CPU.Build.0 = Release|Any CPU
	EndGlobalSection
	GlobalSection(SolutionProperties) = preSolution
		HideSolutionNode = FALSE
	EndGlobalSection
EndGlobal
